
Microsoft Visual Studio Solution File, Format Version 12.00
# Visual Studio Version 17
VisualStudioVersion = 17.6.33829.357
MinimumVisualStudioVersion = 10.0.40219.1
Project("{FAE04EC0-301F-11D3-BF4B-00C04F79EFBC}") = "MatcheoAltice", "MatcheoAltice\MatcheoAltice.csproj", "{B1416373-7542-4C78-876A-74DCFCE850E0}"
EndProject
Project("{54435603-DBB4-11D2-8724-00A0C9A8B90C}") = "MatcheoIntaller", "MatcheoIntaller\MatcheoIntaller.vdproj", "{9B87AC99-2D25-481B-AC64-9241602B333F}"
EndProject
Global
	GlobalSection(SolutionConfigurationPlatforms) = preSolution
		Debug|Any CPU = Debug|Any CPU
		Release|Any CPU = Release|Any CPU
	EndGlobalSection
	GlobalSection(ProjectConfigurationPlatforms) = postSolution
		{B1416373-7542-4C78-876A-74DCFCE850E0}.Debug|Any CPU.ActiveCfg = Debug|Any CPU
		{B1416373-7542-4C78-876A-74DCFCE850E0}.Debug|Any CPU.Build.0 = Debug|Any CPU
		{B1416373-7542-4C78-876A-74DCFCE850E0}.Release|Any CPU.ActiveCfg = Release|Any CPU
		{B1416373-7542-4C78-876A-74DCFCE850E0}.Release|Any CPU.Build.0 = Release|Any CPU
		{9B87AC99-2D25-481B-AC64-9241602B333F}.Debug|Any CPU.ActiveCfg = Debug
		{9B87AC99-2D25-481B-AC64-9241602B333F}.Release|Any CPU.ActiveCfg = Release
	EndGlobalSection
	GlobalSection(SolutionProperties) = preSolution
		HideSolutionNode = FALSE
	EndGlobalSection
	GlobalSection(ExtensibilityGlobals) = postSolution
		SolutionGuid = {C3EDD656-73F7-4ABB-AEB9-35E3A08C7C24}
	EndGlobalSection
EndGlobal
